
Microsoft Visual Studio Solution File, Format Version 12.00
# Visual Studio Version 17
VisualStudioVersion = 17.1.32421.90
MinimumVisualStudioVersion = 10.0.40219.1
Project("{9A19103F-16F7-4668-BE54-9A1E7A4F7556}") = "Membergir", "Membergir\Membergir.csproj", "{372F3140-A4B5-409D-851D-194B07448FFD}"
EndProject
Project("{9A19103F-16F7-4668-BE54-9A1E7A4F7556}") = "Store", "Store\Store.csproj", "{8B25DB07-0547-497D-8EC4-EC7847FB46F8}"
EndProject
Project("{9A19103F-16F7-4668-BE54-9A1E7A4F7556}") = "Followergir", "Followergir\Followergir.csproj", "{EE2105D1-5E19-4EE3-BF9C-AE2528584604}"
EndProject
Global
	GlobalSection(SolutionConfigurationPlatforms) = preSolution
		Debug|Any CPU = Debug|Any CPU
		Release|Any CPU = Release|Any CPU
	EndGlobalSection
	GlobalSection(ProjectConfigurationPlatforms) = postSolution
		{372F3140-A4B5-409D-851D-194B07448FFD}.Debug|Any CPU.ActiveCfg = Debug|Any CPU
		{372F3140-A4B5-409D-851D-194B07448FFD}.Debug|Any CPU.Build.0 = Debug|Any CPU
		{372F3140-A4B5-409D-851D-194B07448FFD}.Release|Any CPU.ActiveCfg = Release|Any CPU
		{372F3140-A4B5-409D-851D-194B07448FFD}.Release|Any CPU.Build.0 = Release|Any CPU
		{8B25DB07-0547-497D-8EC4-EC7847FB46F8}.Debug|Any CPU.ActiveCfg = Debug|Any CPU
		{8B25DB07-0547-497D-8EC4-EC7847FB46F8}.Debug|Any CPU.Build.0 = Debug|Any CPU
		{8B25DB07-0547-497D-8EC4-EC7847FB46F8}.Release|Any CPU.ActiveCfg = Release|Any CPU
		{8B25DB07-0547-497D-8EC4-EC7847FB46F8}.Release|Any CPU.Build.0 = Release|Any CPU
		{EE2105D1-5E19-4EE3-BF9C-AE2528584604}.Debug|Any CPU.ActiveCfg = Debug|Any CPU
		{EE2105D1-5E19-4EE3-BF9C-AE2528584604}.Debug|Any CPU.Build.0 = Debug|Any CPU
		{EE2105D1-5E19-4EE3-BF9C-AE2528584604}.Release|Any CPU.ActiveCfg = Release|Any CPU
		{EE2105D1-5E19-4EE3-BF9C-AE2528584604}.Release|Any CPU.Build.0 = Release|Any CPU
	EndGlobalSection
	GlobalSection(SolutionProperties) = preSolution
		HideSolutionNode = FALSE
	EndGlobalSection
	GlobalSection(ExtensibilityGlobals) = postSolution
		SolutionGuid = {0FD81E5E-D0C1-41D1-8DF9-AEABD669552E}
	EndGlobalSection
EndGlobal
