
Microsoft Visual Studio Solution File, Format Version 12.00
# Visual Studio Version 16
VisualStudioVersion = 16.0.31424.327
MinimumVisualStudioVersion = 10.0.40219.1
Project("{9A19103F-16F7-4668-BE54-9A1E7A4F7556}") = "Web Server", "Web Server.csproj", "{EA635F64-6AFC-47B4-A106-26437D25A93E}"
EndProject
Global
	GlobalSection(SolutionConfigurationPlatforms) = preSolution
		Debug|Any CPU = Debug|Any CPU
		Release|Any CPU = Release|Any CPU
	EndGlobalSection
	GlobalSection(ProjectConfigurationPlatforms) = postSolution
		{EA635F64-6AFC-47B4-A106-26437D25A93E}.Debug|Any CPU.ActiveCfg = Debug|Any CPU
		{EA635F64-6AFC-47B4-A106-26437D25A93E}.Debug|Any CPU.Build.0 = Debug|Any CPU
		{EA635F64-6AFC-47B4-A106-26437D25A93E}.Release|Any CPU.ActiveCfg = Release|Any CPU
		{EA635F64-6AFC-47B4-A106-26437D25A93E}.Release|Any CPU.Build.0 = Release|Any CPU
	EndGlobalSection
	GlobalSection(SolutionProperties) = preSolution
		HideSolutionNode = FALSE
	EndGlobalSection
	GlobalSection(ExtensibilityGlobals) = postSolution
		SolutionGuid = {BDD6C568-5816-47FA-BDAF-1D2D28B29E11}
	EndGlobalSection
EndGlobal
